
Microsoft Visual Studio Solution File, Format Version 12.00
# Visual Studio Version 17
VisualStudioVersion = 17.7.34221.43
MinimumVisualStudioVersion = 10.0.40219.1
Project("{E24C65DC-7377-472B-9ABA-BC803B73C61A}") = "Yazılım Geliştirme Classic ASP", "Yazılım Geliştirme Classic ASP\", "{066ED267-6522-4E52-AC79-EF3E1F7F9011}"
	ProjectSection(WebsiteProperties) = preProject
		TargetFrameworkMoniker = ".NETFramework,Version%3Dv4.7.2"
		Debug.AspNetCompiler.VirtualPath = "/localhost_57976"
		Debug.AspNetCompiler.PhysicalPath = "Yazılım Geliştirme Classic ASP\"
		Debug.AspNetCompiler.TargetPath = "PrecompiledWeb\localhost_57976\"
		Debug.AspNetCompiler.Updateable = "true"
		Debug.AspNetCompiler.ForceOverwrite = "true"
		Debug.AspNetCompiler.FixedNames = "false"
		Debug.AspNetCompiler.Debug = "True"
		Release.AspNetCompiler.VirtualPath = "/localhost_57976"
		Release.AspNetCompiler.PhysicalPath = "Yazılım Geliştirme Classic ASP\"
		Release.AspNetCompiler.TargetPath = "PrecompiledWeb\localhost_57976\"
		Release.AspNetCompiler.Updateable = "true"
		Release.AspNetCompiler.ForceOverwrite = "true"
		Release.AspNetCompiler.FixedNames = "false"
		Release.AspNetCompiler.Debug = "False"
		VWDPort = "57976"
		SlnRelativePath = "Yazılım Geliştirme Classic ASP\"
		DefaultWebSiteLanguage = "Visual C#"
	EndProjectSection
EndProject
Global
	GlobalSection(SolutionConfigurationPlatforms) = preSolution
		Debug|Any CPU = Debug|Any CPU
	EndGlobalSection
	GlobalSection(ProjectConfigurationPlatforms) = postSolution
		{066ED267-6522-4E52-AC79-EF3E1F7F9011}.Debug|Any CPU.ActiveCfg = Debug|Any CPU
		{066ED267-6522-4E52-AC79-EF3E1F7F9011}.Debug|Any CPU.Build.0 = Debug|Any CPU
	EndGlobalSection
	GlobalSection(SolutionProperties) = preSolution
		HideSolutionNode = FALSE
	EndGlobalSection
	GlobalSection(ExtensibilityGlobals) = postSolution
		SolutionGuid = {BF43A382-AE09-4E5A-BB08-879DBAFAEB29}
	EndGlobalSection
EndGlobal
